
Microsoft Visual Studio Solution File, Format Version 12.00
# Visual Studio Version 17
VisualStudioVersion = 17.1.32414.318
MinimumVisualStudioVersion = 10.0.40219.1
Project("{FAE04EC0-301F-11D3-BF4B-00C04F79EFBC}") = "Meetups", "Meetups\Meetups.csproj", "{5A13B5C2-FDFA-46E3-9DD9-11536B8EFE4B}"
EndProject
Global
	GlobalSection(SolutionConfigurationPlatforms) = preSolution
		Debug|Any CPU = Debug|Any CPU
		Release|Any CPU = Release|Any CPU
	EndGlobalSection
	GlobalSection(ProjectConfigurationPlatforms) = postSolution
		{5A13B5C2-FDFA-46E3-9DD9-11536B8EFE4B}.Debug|Any CPU.ActiveCfg = Debug|Any CPU
		{5A13B5C2-FDFA-46E3-9DD9-11536B8EFE4B}.Debug|Any CPU.Build.0 = Debug|Any CPU
		{5A13B5C2-FDFA-46E3-9DD9-11536B8EFE4B}.Release|Any CPU.ActiveCfg = Release|Any CPU
		{5A13B5C2-FDFA-46E3-9DD9-11536B8EFE4B}.Release|Any CPU.Build.0 = Release|Any CPU
	EndGlobalSection
	GlobalSection(SolutionProperties) = preSolution
		HideSolutionNode = FALSE
	EndGlobalSection
	GlobalSection(ExtensibilityGlobals) = postSolution
		SolutionGuid = {8DACDB9E-188E-4768-8664-D0C38DEECF28}
	EndGlobalSection
EndGlobal
